
Microsoft Visual Studio Solution File, Format Version 12.00
# Visual Studio Version 16
VisualStudioVersion = 16.0.32407.337
MinimumVisualStudioVersion = 10.0.40219.1
Project("{FAE04EC0-301F-11D3-BF4B-00C04F79EFBC}") = "TodoAPI", "TodoAPI\TodoAPI.csproj", "{0399F5B0-6E51-49C2-87C3-0A00A9BC130E}"
EndProject
Project("{FAE04EC0-301F-11D3-BF4B-00C04F79EFBC}") = "Todo.core", "Todo.core\Todo.core.csproj", "{46FC1767-D9C6-40B0-98AD-7C60C46B3EEE}"
EndProject
Global
	GlobalSection(SolutionConfigurationPlatforms) = preSolution
		Debug|Any CPU = Debug|Any CPU
		Release|Any CPU = Release|Any CPU
	EndGlobalSection
	GlobalSection(ProjectConfigurationPlatforms) = postSolution
		{0399F5B0-6E51-49C2-87C3-0A00A9BC130E}.Debug|Any CPU.ActiveCfg = Debug|Any CPU
		{0399F5B0-6E51-49C2-87C3-0A00A9BC130E}.Debug|Any CPU.Build.0 = Debug|Any CPU
		{0399F5B0-6E51-49C2-87C3-0A00A9BC130E}.Release|Any CPU.ActiveCfg = Release|Any CPU
		{0399F5B0-6E51-49C2-87C3-0A00A9BC130E}.Release|Any CPU.Build.0 = Release|Any CPU
		{46FC1767-D9C6-40B0-98AD-7C60C46B3EEE}.Debug|Any CPU.ActiveCfg = Debug|Any CPU
		{46FC1767-D9C6-40B0-98AD-7C60C46B3EEE}.Debug|Any CPU.Build.0 = Debug|Any CPU
		{46FC1767-D9C6-40B0-98AD-7C60C46B3EEE}.Release|Any CPU.ActiveCfg = Release|Any CPU
		{46FC1767-D9C6-40B0-98AD-7C60C46B3EEE}.Release|Any CPU.Build.0 = Release|Any CPU
	EndGlobalSection
	GlobalSection(SolutionProperties) = preSolution
		HideSolutionNode = FALSE
	EndGlobalSection
	GlobalSection(ExtensibilityGlobals) = postSolution
		SolutionGuid = {525B7ADC-CEA8-4061-AA3D-468FF5CD3853}
	EndGlobalSection
EndGlobal
